{
    "_readme": [
        "This file locks the dependencies of your project to a known state",
        "Read more about it at https://getcomposer.org/doc/01-basic-usage.md#installing-dependencies",
        "This file is @generated automatically"
    ],
    "content-hash": "22ccec39cdfb6e71a359b85d9ce2993f",
    "packages": [
        {
            "name": "verona/component",
            "version": "1.0.0",
            "dist": {
                "type": "path",
                "url": "../component",
                "reference": "145bca703262710e4ea36108bfba2ce815acc17c"
            },
            "require": {
                "php": ">=8.2"
            },
            "type": "library",
            "autoload": {
                "psr-4": {
                    "Verona\\Component\\": "src/"
                }
            },
            "license": [
                "MIT"
            ],
            "authors": [
                {
                    "name": "Tailor Mavoungou",
                    "email": "tailormavoungou@outlook.com"
                }
            ],
            "description": "Verona MVC Framework Core Component",
            "transport-options": {
                "relative": true
            }
        }
    ],
    "packages-dev": [],
    "aliases": [],
    "minimum-stability": "stable",
    "stability-flags": {},
    "prefer-stable": false,
    "prefer-lowest": false,
    "platform": {
        "php": ">=8.2"
    },
    "platform-dev": {},
    "plugin-api-version": "2.6.0"
}
