{
    "_readme": [
        "This file locks the dependencies of your project to a known state",
        "Read more about it at https://getcomposer.org/doc/01-basic-usage.md#installing-dependencies",
        "This file is @generated automatically"
    ],
    "content-hash": "6263751370ae0e9ef66d0e39fb2b37fd",
    "packages": [
        {
            "name": "verona/component",
            "version": "1.0.0",
            "dist": {
                "type": "path",
                "url": "../component",
                "reference": "d9b6ffe6c6aaacf7c31f954a5ac6e798aa5b11e1"
            },
            "require": {
                "php": ">=8.2"
            },
            "type": "library",
            "autoload": {
                "psr-4": {
                    "Verona\\Component\\": "src/"
                }
            },
            "license": [
                "MIT"
            ],
            "description": "A simple and light PHP MVC Framework",
            "transport-options": {
                "relative": true
            }
        }
    ],
    "packages-dev": [],
    "aliases": [],
    "minimum-stability": "stable",
    "stability-flags": {},
    "prefer-stable": false,
    "prefer-lowest": false,
    "platform": {
        "php": ">=8.2"
    },
    "platform-dev": {},
    "plugin-api-version": "2.6.0"
}
